
Microsoft Visual Studio Solution File, Format Version 12.00
# Visual Studio Version 17
VisualStudioVersion = 17.1.32210.238
MinimumVisualStudioVersion = 10.0.40219.1
Project("{FAE04EC0-301F-11D3-BF4B-00C04F79EFBC}") = "API", "API\API.csproj", "{9AAF49EE-F44D-4AA3-8E42-E76554434B2B}"
EndProject
Global
	GlobalSection(SolutionConfigurationPlatforms) = preSolution
		Debug|Any CPU = Debug|Any CPU
		Release|Any CPU = Release|Any CPU
	EndGlobalSection
	GlobalSection(ProjectConfigurationPlatforms) = postSolution
		{9AAF49EE-F44D-4AA3-8E42-E76554434B2B}.Debug|Any CPU.ActiveCfg = Debug|Any CPU
		{9AAF49EE-F44D-4AA3-8E42-E76554434B2B}.Debug|Any CPU.Build.0 = Debug|Any CPU
		{9AAF49EE-F44D-4AA3-8E42-E76554434B2B}.Release|Any CPU.ActiveCfg = Release|Any CPU
		{9AAF49EE-F44D-4AA3-8E42-E76554434B2B}.Release|Any CPU.Build.0 = Release|Any CPU
	EndGlobalSection
	GlobalSection(SolutionProperties) = preSolution
		HideSolutionNode = FALSE
	EndGlobalSection
	GlobalSection(ExtensibilityGlobals) = postSolution
		SolutionGuid = {C8BA4317-21E2-4995-9D57-BF975180CB1C}
	EndGlobalSection
EndGlobal
